// !$*UTF8*$!
{
	archiveVersion = 1;
	classes = {
	};
	objectVersion = 50;
	objects = {

/* Begin PBXBuildFile section */
		BD01FDB8211906D700C92F58 /* AppDelegate.swift in Sources */ = {isa = PBXBuildFile; fileRef = BD01FDB7211906D700C92F58 /* AppDelegate.swift */; };
		BD01FDBA211906D700C92F58 /* ViewController.swift in Sources */ = {isa = PBXBuildFile; fileRef = BD01FDB9211906D700C92F58 /* ViewController.swift */; };
		BD01FDBD211906D700C92F58 /* Main.storyboard in Resources */ = {isa = PBXBuildFile; fileRef = BD01FDBB211906D700C92F58 /* Main.storyboard */; };
		BD01FDBF211906D900C92F58 /* Assets.xcassets in Resources */ = {isa = PBXBuildFile; fileRef = BD01FDBE211906D900C92F58 /* Assets.xcassets */; };
		BD01FDC2211906D900C92F58 /* LaunchScreen.storyboard in Resources */ = {isa = PBXBuildFile; fileRef = BD01FDC0211906D900C92F58 /* LaunchScreen.storyboard */; };
		BD01FDCA2119098700C92F58 /* UserRegisterViewController.swift in Sources */ = {isa = PBXBuildFile; fileRef = BD01FDC92119098700C92F58 /* UserRegisterViewController.swift */; };
		BD01FDCC21190C8B00C92F58 /* UserLoginViewController.swift in Sources */ = {isa = PBXBuildFile; fileRef = BD01FDCB21190C8B00C92F58 /* UserLoginViewController.swift */; };
		BD01FDCE21190CAF00C92F58 /* HomeScreenViewController.swift in Sources */ = {isa = PBXBuildFile; fileRef = BD01FDCD21190CAF00C92F58 /* HomeScreenViewController.swift */; };
/* End PBXBuildFile section */

/* Begin PBXFileReference section */
		BD01FDB4211906D700C92F58 /* LocalDeliveryMVP.app */ = {isa = PBXFileReference; explicitFileType = wrapper.application; includeInIndex = 0; path = LocalDeliveryMVP.app; sourceTree = BUILT_PRODUCTS_DIR; };
		BD01FDB7211906D700C92F58 /* AppDelegate.swift */ = {isa = PBXFileReference; lastKnownFileType = sourcecode.swift; path = AppDelegate.swift; sourceTree = "<group>"; };
		BD01FDB9211906D700C92F58 /* ViewController.swift */ = {isa = PBXFileReference; lastKnownFileType = sourcecode.swift; path = ViewController.swift; sourceTree = "<group>"; };
		BD01FDBC211906D700C92F58 /* Base */ = {isa = PBXFileReference; lastKnownFileType = file.storyboard; name = Base; path = Base.lproj/Main.storyboard; sourceTree = "<group>"; };
		BD01FDBE211906D900C92F58 /* Assets.xcassets */ = {isa = PBXFileReference; lastKnownFileType = folder.assetcatalog; path = Assets.xcassets; sourceTree = "<group>"; };
		BD01FDC1211906D900C92F58 /* Base */ = {isa = PBXFileReference; lastKnownFileType = file.storyboard; name = Base; path = Base.lproj/LaunchScreen.storyboard; sourceTree = "<group>"; };
		BD01FDC3211906D900C92F58 /* Info.plist */ = {isa = PBXFileReference; lastKnownFileType = text.plist.xml; path = Info.plist; sourceTree = "<group>"; };
		BD01FDC92119098700C92F58 /* UserRegisterViewController.swift */ = {isa = PBXFileReference; lastKnownFileType = sourcecode.swift; path = UserRegisterViewController.swift; sourceTree = "<group>"; };
		BD01FDCB21190C8B00C92F58 /* UserLoginViewController.swift */ = {isa = PBXFileReference; lastKnownFileType = sourcecode.swift; path = UserLoginViewController.swift; sourceTree = "<group>"; };
		BD01FDCD21190CAF00C92F58 /* HomeScreenViewController.swift */ = {isa = PBXFileReference; lastKnownFileType = sourcecode.swift; path = HomeScreenViewController.swift; sourceTree = "<group>"; };
/* End PBXFileReference section */

/* Begin PBXFrameworksBuildPhase section */
		BD01FDB1211906D700C92F58 /* Frameworks */ = {
			isa = PBXFrameworksBuildPhase;
			buildActionMask = 2147483647;
			files = (
			);
			runOnlyForDeploymentPostprocessing = 0;
		};
/* End PBXFrameworksBuildPhase section */

/* Begin PBXGroup section */
		BD01FDAB211906D700C92F58 = {
			isa = PBXGroup;
			children = (
				BD01FDB6211906D700C92F58 /* LocalDeliveryMVP */,
				BD01FDB5211906D700C92F58 /* Products */,
			);
			sourceTree = "<group>";
		};
		BD01FDB5211906D700C92F58 /* Products */ = {
			isa = PBXGroup;
			children = (
				BD01FDB4211906D700C92F58 /* LocalDeliveryMVP.app */,
			);
			name = Products;
			sourceTree = "<group>";
		};
		BD01FDB6211906D700C92F58 /* LocalDeliveryMVP */ = {
			isa = PBXGroup;
			children = (
				BD01FDB7211906D700C92F58 /* AppDelegate.swift */,
				BD01FDB9211906D700C92F58 /* ViewController.swift */,
				BD01FDC92119098700C92F58 /* UserRegisterViewController.swift */,
				BD01FDCB21190C8B00C92F58 /* UserLoginViewController.swift */,
				BD01FDCD21190CAF00C92F58 /* HomeScreenViewController.swift */,
				BD01FDBB211906D700C92F58 /* Main.storyboard */,
				BD01FDBE211906D900C92F58 /* Assets.xcassets */,
				BD01FDC0211906D900C92F58 /* LaunchScreen.storyboard */,
				BD01FDC3211906D900C92F58 /* Info.plist */,
			);
			path = LocalDeliveryMVP;
			sourceTree = "<group>";
		};
/* End PBXGroup section */

/* Begin PBXNativeTarget section */
		BD01FDB3211906D700C92F58 /* LocalDeliveryMVP */ = {
			isa = PBXNativeTarget;
			buildConfigurationList = BD01FDC6211906D900C92F58 /* Build configuration list for PBXNativeTarget "LocalDeliveryMVP" */;
			buildPhases = (
				BD01FDB0211906D700C92F58 /* Sources */,
				BD01FDB1211906D700C92F58 /* Frameworks */,
				BD01FDB2211906D700C92F58 /* Resources */,
			);
			buildRules = (
			);
			dependencies = (
			);
			name = LocalDeliveryMVP;
			productName = LocalDeliveryMVP;
			productReference = BD01FDB4211906D700C92F58 /* LocalDeliveryMVP.app */;
			productType = "com.apple.product-type.application";
		};
/* End PBXNativeTarget section */

/* Begin PBXProject section */
		BD01FDAC211906D700C92F58 /* Project object */ = {
			isa = PBXProject;
			attributes = {
				LastSwiftUpdateCheck = 0940;
				LastUpgradeCheck = 0940;
				ORGANIZATIONNAME = "Peter Gustafson";
				TargetAttributes = {
					BD01FDB3211906D700C92F58 = {
						CreatedOnToolsVersion = 9.4.1;
					};
				};
			};
			buildConfigurationList = BD01FDAF211906D700C92F58 /* Build configuration list for PBXProject "LocalDeliveryMVP" */;
			compatibilityVersion = "Xcode 9.3";
			developmentRegion = en;
			hasScannedForEncodings = 0;
			knownRegions = (
				en,
				Base,
			);
			mainGroup = BD01FDAB211906D700C92F58;
			productRefGroup = BD01FDB5211906D700C92F58 /* Products */;
			projectDirPath = "";
			projectRoot = "";
			targets = (
				BD01FDB3211906D700C92F58 /* LocalDeliveryMVP */,
			);
		};
/* End PBXProject section */

/* Begin PBXResourcesBuildPhase section */
		BD01FDB2211906D700C92F58 /* Resources */ = {
			isa = PBXResourcesBuildPhase;
			buildActionMask = 2147483647;
			files = (
				BD01FDC2211906D900C92F58 /* LaunchScreen.storyboard in Resources */,
				BD01FDBF211906D900C92F58 /* Assets.xcassets in Resources */,
				BD01FDBD211906D700C92F58 /* Main.storyboard in Resources */,
			);
			runOnlyForDeploymentPostprocessing = 0;
		};
/* End PBXResourcesBuildPhase section */

/* Begin PBXSourcesBuildPhase section */
		BD01FDB0211906D700C92F58 /* Sources */ = {
			isa = PBXSourcesBuildPhase;
			buildActionMask = 2147483647;
			files = (
				BD01FDCA2119098700C92F58 /* UserRegisterViewController.swift in Sources */,
				BD01FDBA211906D700C92F58 /* ViewController.swift in Sources */,
				BD01FDB8211906D700C92F58 /* AppDelegate.swift in Sources */,
				BD01FDCC21190C8B00C92F58 /* UserLoginViewController.swift in Sources */,
				BD01FDCE21190CAF00C92F58 /* HomeScreenViewController.swift in Sources */,
			);
			runOnlyForDeploymentPostprocessing = 0;
		};
/* End PBXSourcesBuildPhase section */

/* Begin PBXVariantGroup section */
		BD01FDBB211906D700C92F58 /* Main.storyboard */ = {
			isa = PBXVariantGroup;
			children = (
				BD01FDBC211906D700C92F58 /* Base */,
			);
			name = Main.storyboard;
			sourceTree = "<group>";
		};
		BD01FDC0211906D900C92F58 /* LaunchScreen.storyboard */ = {
			isa = PBXVariantGroup;
			children = (
				BD01FDC1211906D900C92F58 /* Base */,
			);
			name = LaunchScreen.storyboard;
			sourceTree = "<group>";
		};
/* End PBXVariantGroup section */

/* Begin XCBuildConfiguration section */
		BD01FDC4211906D900C92F58 /* Debug */ = {
			isa = XCBuildConfiguration;
			buildSettings = {
				ALWAYS_SEARCH_USER_PATHS = NO;
				CLANG_ANALYZER_NONNULL = YES;
				CLANG_ANALYZER_NUMBER_OBJECT_CONVERSION = YES_AGGRESSIVE;
				CLANG_CXX_LANGUAGE_STANDARD = "gnu++14";
				CLANG_CXX_LIBRARY = "libc++";
				CLANG_ENABLE_MODULES = YES;
				CLANG_ENABLE_OBJC_ARC = YES;
				CLANG_ENABLE_OBJC_WEAK = YES;
				CLANG_WARN_BLOCK_CAPTURE_AUTORELEASING = YES;
				CLANG_WARN_BOOL_CONVERSION = YES;
				CLANG_WARN_COMMA = YES;
				CLANG_WARN_CONSTANT_CONVERSION = YES;
				CLANG_WARN_DEPRECATED_OBJC_IMPLEMENTATIONS = YES;
				CLANG_WARN_DIRECT_OBJC_ISA_USAGE = YES_ERROR;
				CLANG_WARN_DOCUMENTATION_COMMENTS = YES;
				CLANG_WARN_EMPTY_BODY = YES;
				CLANG_WARN_ENUM_CONVERSION = YES;
				CLANG_WARN_INFINITE_RECURSION = YES;
				CLANG_WARN_INT_CONVERSION = YES;
				CLANG_WARN_NON_LITERAL_NULL_CONVERSION = YES;
				CLANG_WARN_OBJC_IMPLICIT_RETAIN_SELF = YES;
				CLANG_WARN_OBJC_LITERAL_CONVERSION = YES;
				CLANG_WARN_OBJC_ROOT_CLASS = YES_ERROR;
				CLANG_WARN_RANGE_LOOP_ANALYSIS = YES;
				CLANG_WARN_STRICT_PROTOTYPES = YES;
				CLANG_WARN_SUSPICIOUS_MOVE = YES;
				CLANG_WARN_UNGUARDED_AVAILABILITY = YES_AGGRESSIVE;
				CLANG_WARN_UNREACHABLE_CODE = YES;
				CLANG_WARN__DUPLICATE_METHOD_MATCH = YES;
				CODE_SIGN_IDENTITY = "iPhone Developer";
				COPY_PHASE_STRIP = NO;
				DEBUG_INFORMATION_FORMAT = dwarf;
				ENABLE_STRICT_OBJC_MSGSEND = YES;
				ENABLE_TESTABILITY = YES;
				GCC_C_LANGUAGE_STANDARD = gnu11;
				GCC_DYNAMIC_NO_PIC = NO;
				GCC_NO_COMMON_BLOCKS = YES;
				GCC_OPTIMIZATION_LEVEL = 0;
				GCC_PREPROCESSOR_DEFINITIONS = (
					"DEBUG=1",
					"$(inherited)",
				);
				GCC_WARN_64_TO_32_BIT_CONVERSION = YES;
				GCC_WARN_ABOUT_RETURN_TYPE = YES_ERROR;
				GCC_WARN_UNDECLARED_SELECTOR = YES;
				GCC_WARN_UNINITIALIZED_AUTOS = YES_AGGRESSIVE;
				GCC_WARN_UNUSED_FUNCTION = YES;
				GCC_WARN_UNUSED_VARIABLE = YES;
				IPHONEOS_DEPLOYMENT_TARGET = 11.4;
				MTL_ENABLE_DEBUG_INFO = YES;
				ONLY_ACTIVE_ARCH = YES;
				SDKROOT = iphoneos;
				SWIFT_ACTIVE_COMPILATION_CONDITIONS = DEBUG;
				SWIFT_OPTIMIZATION_LEVEL = "-Onone";
			};
			name = Debug;
		};
		BD01FDC5211906D900C92F58 /* Release */ = {
			isa = XCBuildConfiguration;
			buildSettings = {
				ALWAYS_SEARCH_USER_PATHS = NO;
				CLANG_ANALYZER_NONNULL = YES;
				CLANG_ANALYZER_NUMBER_OBJECT_CONVERSION = YES_AGGRESSIVE;
				CLANG_CXX_LANGUAGE_STANDARD = "gnu++14";
				CLANG_CXX_LIBRARY = "libc++";
				CLANG_ENABLE_MODULES = YES;
				CLANG_ENABLE_OBJC_ARC = YES;
				CLANG_ENABLE_OBJC_WEAK = YES;
				CLANG_WARN_BLOCK_CAPTURE_AUTORELEASING = YES;
				CLANG_WARN_BOOL_CONVERSION = YES;
				CLANG_WARN_COMMA = YES;
				CLANG_WARN_CONSTANT_CONVERSION = YES;
				CLANG_WARN_DEPRECATED_OBJC_IMPLEMENTATIONS = YES;
				CLANG_WARN_DIRECT_OBJC_ISA_USAGE = YES_ERROR;
				CLANG_WARN_DOCUMENTATION_COMMENTS = YES;
				CLANG_WARN_EMPTY_BODY = YES;
				CLANG_WARN_ENUM_CONVERSION = YES;
				CLANG_WARN_INFINITE_RECURSION = YES;
				CLANG_WARN_INT_CONVERSION = YES;
				CLANG_WARN_NON_LITERAL_NULL_CONVERSION = YES;
				CLANG_WARN_OBJC_IMPLICIT_RETAIN_SELF = YES;
				CLANG_WARN_OBJC_LITERAL_CONVERSION = YES;
				CLANG_WARN_OBJC_ROOT_CLASS = YES_ERROR;
				CLANG_WARN_RANGE_LOOP_ANALYSIS = YES;
				CLANG_WARN_STRICT_PROTOTYPES = YES;
				CLANG_WARN_SUSPICIOUS_MOVE = YES;
				CLANG_WARN_UNGUARDED_AVAILABILITY = YES_AGGRESSIVE;
				CLANG_WARN_UNREACHABLE_CODE = YES;
				CLANG_WARN__DUPLICATE_METHOD_MATCH = YES;
				CODE_SIGN_IDENTITY = "iPhone Developer";
				COPY_PHASE_STRIP = NO;
				DEBUG_INFORMATION_FORMAT = "dwarf-with-dsym";
				ENABLE_NS_ASSERTIONS = NO;
				ENABLE_STRICT_OBJC_MSGSEND = YES;
				GCC_C_LANGUAGE_STANDARD = gnu11;
				GCC_NO_COMMON_BLOCKS = YES;
				GCC_WARN_64_TO_32_BIT_CONVERSION = YES;
				GCC_WARN_ABOUT_RETURN_TYPE = YES_ERROR;
				GCC_WARN_UNDECLARED_SELECTOR = YES;
				GCC_WARN_UNINITIALIZED_AUTOS = YES_AGGRESSIVE;
				GCC_WARN_UNUSED_FUNCTION = YES;
				GCC_WARN_UNUSED_VARIABLE = YES;
				IPHONEOS_DEPLOYMENT_TARGET = 11.4;
				MTL_ENABLE_DEBUG_INFO = NO;
				SDKROOT = iphoneos;
				SWIFT_COMPILATION_MODE = wholemodule;
				SWIFT_OPTIMIZATION_LEVEL = "-O";
				VALIDATE_PRODUCT = YES;
			};
			name = Release;
		};
		BD01FDC7211906D900C92F58 /* Debug */ = {
			isa = XCBuildConfiguration;
			buildSettings = {
				ASSETCATALOG_COMPILER_APPICON_NAME = AppIcon;
				CODE_SIGN_STYLE = Automatic;
				DEVELOPMENT_TEAM = 7GBP62H9N6;
				INFOPLIST_FILE = LocalDeliveryMVP/Info.plist;
				LD_RUNPATH_SEARCH_PATHS = (
					"$(inherited)",
					"@executable_path/Frameworks",
				);
				PRODUCT_BUNDLE_IDENTIFIER = com.peterlgustafson.LocalDeliveryMVP;
				PRODUCT_NAME = "$(TARGET_NAME)";
				SWIFT_VERSION = 4.0;
				TARGETED_DEVICE_FAMILY = "1,2";
			};
			name = Debug;
		};
		BD01FDC8211906D900C92F58 /* Release */ = {
			isa = XCBuildConfiguration;
			buildSettings = {
				ASSETCATALOG_COMPILER_APPICON_NAME = AppIcon;
				CODE_SIGN_STYLE = Automatic;
				DEVELOPMENT_TEAM = 7GBP62H9N6;
				INFOPLIST_FILE = LocalDeliveryMVP/Info.plist;
				LD_RUNPATH_SEARCH_PATHS = (
					"$(inherited)",
					"@executable_path/Frameworks",
				);
				PRODUCT_BUNDLE_IDENTIFIER = com.peterlgustafson.LocalDeliveryMVP;
				PRODUCT_NAME = "$(TARGET_NAME)";
				SWIFT_VERSION = 4.0;
				TARGETED_DEVICE_FAMILY = "1,2";
			};
			name = Release;
		};
/* End XCBuildConfiguration section */

/* Begin XCConfigurationList section */
		BD01FDAF211906D700C92F58 /* Build configuration list for PBXProject "LocalDeliveryMVP" */ = {
			isa = XCConfigurationList;
			buildConfigurations = (
				BD01FDC4211906D900C92F58 /* Debug */,
				BD01FDC5211906D900C92F58 /* Release */,
			);
			defaultConfigurationIsVisible = 0;
			defaultConfigurationName = Release;
		};
		BD01FDC6211906D900C92F58 /* Build configuration list for PBXNativeTarget "LocalDeliveryMVP" */ = {
			isa = XCConfigurationList;
			buildConfigurations = (
				BD01FDC7211906D900C92F58 /* Debug */,
				BD01FDC8211906D900C92F58 /* Release */,
			);
			defaultConfigurationIsVisible = 0;
			defaultConfigurationName = Release;
		};
/* End XCConfigurationList section */
	};
	rootObject = BD01FDAC211906D700C92F58 /* Project object */;
}
